schema: '2.0'
stages:
  data_ingestion:
    cmd: python src/data_ingestion.py
    deps:
    - path: src/data_ingestion.py
      hash: md5
      md5: b7a56e6c70ac6716965c91091aff78fa
      size: 6901
    params:
      params.yaml:
        data_ingestion.test_size: 0.3
    outs:
    - path: data/raw
      hash: md5
      md5: d26befd2dda9438254177d9000d9ba1f.dir
      size: 484846
      nfiles: 2
  data_preprocessing:
    cmd: python  src/data_preprocessing.py
    deps:
    - path: data/raw
      hash: md5
      md5: d26befd2dda9438254177d9000d9ba1f.dir
      size: 484846
      nfiles: 2
    - path: src/data_preprocessing.py
      hash: md5
      md5: 1e6e3090d956e71eca0a96c58146f62a
      size: 4084
    outs:
    - path: data/interim
      hash: md5
      md5: 61ca13b2e20854a1f7bacbbcfeca409e.dir
      size: 262513
      nfiles: 2
  feature_engineering:
    cmd: python src/feature_engineering.py
    deps:
    - path: data/interim
      hash: md5
      md5: 61ca13b2e20854a1f7bacbbcfeca409e.dir
      size: 262513
      nfiles: 2
    - path: src/feature_engineering.py
      hash: md5
      md5: a1cc5b1d3e5405c6804b81a0e23452c3
      size: 3983
    params:
      params.yaml:
        feature_engineering.max_features: 70
    outs:
    - path: data/processed
      hash: md5
      md5: 212ab5c3c67c6ee61a8d577214ec988d.dir
      size: 1645772
      nfiles: 2
  model_building:
    cmd: python src/model_building.py
    deps:
    - path: data/processed
      hash: md5
      md5: 212ab5c3c67c6ee61a8d577214ec988d.dir
      size: 1645772
      nfiles: 2
    - path: src/model_building.py
      hash: md5
      md5: bd6119a992104e220047404c90c5e8de
      size: 4234
    params:
      params.yaml:
        model_building.n_estimators: 35
        model_building.random_state: 2
    outs:
    - path: models/model.pkl
      hash: md5
      md5: 71574951a3e0e17c42de4cedbbe3db01
      size: 1502690
  model_evaluation:
    cmd: python src/model_evaluation.py
    deps:
    - path: models/model.pkl
      hash: md5
      md5: 71574951a3e0e17c42de4cedbbe3db01
      size: 1502690
    - path: src/model_evaluation.py
      hash: md5
      md5: 48bbcb97cb2c017a568c0b990b9a8b65
      size: 4579
    outs:
    - path: reports/metrics.json
      hash: md5
      md5: 12071d47ff81f1e5e7656c5ffcbabb48
      size: 147
